
Microsoft Visual Studio Solution File, Format Version 12.00
# Visual Studio Version 17
VisualStudioVersion = 17.7.34024.191
MinimumVisualStudioVersion = 10.0.40219.1
Project("{FAE04EC0-301F-11D3-BF4B-00C04F79EFBC}") = "Ticks", "Ticks\Ticks.csproj", "{5923D609-4BDB-4DF5-BCCE-1FA2BAD4E5AF}"
EndProject
Global
	GlobalSection(SolutionConfigurationPlatforms) = preSolution
		Debug|Any CPU = Debug|Any CPU
		Release|Any CPU = Release|Any CPU
	EndGlobalSection
	GlobalSection(ProjectConfigurationPlatforms) = postSolution
		{5923D609-4BDB-4DF5-BCCE-1FA2BAD4E5AF}.Debug|Any CPU.ActiveCfg = Debug|Any CPU
		{5923D609-4BDB-4DF5-BCCE-1FA2BAD4E5AF}.Debug|Any CPU.Build.0 = Debug|Any CPU
		{5923D609-4BDB-4DF5-BCCE-1FA2BAD4E5AF}.Release|Any CPU.ActiveCfg = Release|Any CPU
		{5923D609-4BDB-4DF5-BCCE-1FA2BAD4E5AF}.Release|Any CPU.Build.0 = Release|Any CPU
	EndGlobalSection
	GlobalSection(SolutionProperties) = preSolution
		HideSolutionNode = FALSE
	EndGlobalSection
	GlobalSection(ExtensibilityGlobals) = postSolution
		SolutionGuid = {6EF89247-A6EC-469C-BF0A-682E42DBCFEE}
	EndGlobalSection
EndGlobal
